
Microsoft Visual Studio Solution File, Format Version 12.00
# Visual Studio Version 17
VisualStudioVersion = 17.7.34031.279
MinimumVisualStudioVersion = 10.0.40219.1
Project("{FAE04EC0-301F-11D3-BF4B-00C04F79EFBC}") = "CursoWindowsForms", "CursoWindowsForms\CursoWindowsForms.csproj", "{65DDCA41-24D3-4ACD-B275-52B4B5561D7C}"
EndProject
Global
	GlobalSection(SolutionConfigurationPlatforms) = preSolution
		Debug|Any CPU = Debug|Any CPU
		Release|Any CPU = Release|Any CPU
	EndGlobalSection
	GlobalSection(ProjectConfigurationPlatforms) = postSolution
		{65DDCA41-24D3-4ACD-B275-52B4B5561D7C}.Debug|Any CPU.ActiveCfg = Debug|Any CPU
		{65DDCA41-24D3-4ACD-B275-52B4B5561D7C}.Debug|Any CPU.Build.0 = Debug|Any CPU
		{65DDCA41-24D3-4ACD-B275-52B4B5561D7C}.Release|Any CPU.ActiveCfg = Release|Any CPU
		{65DDCA41-24D3-4ACD-B275-52B4B5561D7C}.Release|Any CPU.Build.0 = Release|Any CPU
	EndGlobalSection
	GlobalSection(SolutionProperties) = preSolution
		HideSolutionNode = FALSE
	EndGlobalSection
	GlobalSection(ExtensibilityGlobals) = postSolution
		SolutionGuid = {8EE5B1C8-BDC1-4349-BDF1-1264508FF717}
	EndGlobalSection
EndGlobal
